
Microsoft Visual Studio Solution File, Format Version 12.00
# Visual Studio Version 17
VisualStudioVersion = 17.6.33723.286
MinimumVisualStudioVersion = 10.0.40219.1
Project("{9A19103F-16F7-4668-BE54-9A1E7A4F7556}") = "TUTOR_NET105_SU23_API", "TUTOR_NET105_SU23_API\TUTOR_NET105_SU23_API.csproj", "{9929F0DD-7363-440D-B733-00D8AE3693C8}"
EndProject
Project("{9A19103F-16F7-4668-BE54-9A1E7A4F7556}") = "TUTOR_NET105_SU23.Console", "TUTOR_NET105_SU23.Console\TUTOR_NET105_SU23.Console.csproj", "{C22BB212-D5C5-47CF-AA34-F1CBDDEEB635}"
EndProject
Project("{9A19103F-16F7-4668-BE54-9A1E7A4F7556}") = "TUTOR_NET105_SU23.WinForm", "TUTOR_NET105_SU23.WinForm\TUTOR_NET105_SU23.WinForm.csproj", "{EFFF2747-E3FE-4014-B064-273136940FA0}"
EndProject
Project("{FAE04EC0-301F-11D3-BF4B-00C04F79EFBC}") = "TUTOR_NET105_SU23.B2.API", "TUTOR_NET105_SU23.B2.API\TUTOR_NET105_SU23.B2.API.csproj", "{07786259-BBF7-40F2-AB35-C6A1C8706E50}"
EndProject
Project("{FAE04EC0-301F-11D3-BF4B-00C04F79EFBC}") = "TUTOR_NET105_SU23.B2.DAL", "TUTOR_NET105_SU23.B2.DAL\TUTOR_NET105_SU23.B2.DAL.csproj", "{5C5AA09D-7453-49AA-BE65-6E7BDFC82D9D}"
EndProject
Project("{FAE04EC0-301F-11D3-BF4B-00C04F79EFBC}") = "TUTOR_NET105_SU23.B2.BUS", "TUTOR_NET105_SU23.B2.BUS\TUTOR_NET105_SU23.B2.BUS.csproj", "{8D202E23-C0F9-4689-95CA-B4D50A1F4C3B}"
EndProject
Global
	GlobalSection(SolutionConfigurationPlatforms) = preSolution
		Debug|Any CPU = Debug|Any CPU
		Release|Any CPU = Release|Any CPU
	EndGlobalSection
	GlobalSection(ProjectConfigurationPlatforms) = postSolution
		{9929F0DD-7363-440D-B733-00D8AE3693C8}.Debug|Any CPU.ActiveCfg = Debug|Any CPU
		{9929F0DD-7363-440D-B733-00D8AE3693C8}.Debug|Any CPU.Build.0 = Debug|Any CPU
		{9929F0DD-7363-440D-B733-00D8AE3693C8}.Release|Any CPU.ActiveCfg = Release|Any CPU
		{9929F0DD-7363-440D-B733-00D8AE3693C8}.Release|Any CPU.Build.0 = Release|Any CPU
		{C22BB212-D5C5-47CF-AA34-F1CBDDEEB635}.Debug|Any CPU.ActiveCfg = Debug|Any CPU
		{C22BB212-D5C5-47CF-AA34-F1CBDDEEB635}.Debug|Any CPU.Build.0 = Debug|Any CPU
		{C22BB212-D5C5-47CF-AA34-F1CBDDEEB635}.Release|Any CPU.ActiveCfg = Release|Any CPU
		{C22BB212-D5C5-47CF-AA34-F1CBDDEEB635}.Release|Any CPU.Build.0 = Release|Any CPU
		{EFFF2747-E3FE-4014-B064-273136940FA0}.Debug|Any CPU.ActiveCfg = Debug|Any CPU
		{EFFF2747-E3FE-4014-B064-273136940FA0}.Debug|Any CPU.Build.0 = Debug|Any CPU
		{EFFF2747-E3FE-4014-B064-273136940FA0}.Release|Any CPU.ActiveCfg = Release|Any CPU
		{EFFF2747-E3FE-4014-B064-273136940FA0}.Release|Any CPU.Build.0 = Release|Any CPU
		{07786259-BBF7-40F2-AB35-C6A1C8706E50}.Debug|Any CPU.ActiveCfg = Debug|Any CPU
		{07786259-BBF7-40F2-AB35-C6A1C8706E50}.Debug|Any CPU.Build.0 = Debug|Any CPU
		{07786259-BBF7-40F2-AB35-C6A1C8706E50}.Release|Any CPU.ActiveCfg = Release|Any CPU
		{07786259-BBF7-40F2-AB35-C6A1C8706E50}.Release|Any CPU.Build.0 = Release|Any CPU
		{5C5AA09D-7453-49AA-BE65-6E7BDFC82D9D}.Debug|Any CPU.ActiveCfg = Debug|Any CPU
		{5C5AA09D-7453-49AA-BE65-6E7BDFC82D9D}.Debug|Any CPU.Build.0 = Debug|Any CPU
		{5C5AA09D-7453-49AA-BE65-6E7BDFC82D9D}.Release|Any CPU.ActiveCfg = Release|Any CPU
		{5C5AA09D-7453-49AA-BE65-6E7BDFC82D9D}.Release|Any CPU.Build.0 = Release|Any CPU
		{8D202E23-C0F9-4689-95CA-B4D50A1F4C3B}.Debug|Any CPU.ActiveCfg = Debug|Any CPU
		{8D202E23-C0F9-4689-95CA-B4D50A1F4C3B}.Debug|Any CPU.Build.0 = Debug|Any CPU
		{8D202E23-C0F9-4689-95CA-B4D50A1F4C3B}.Release|Any CPU.ActiveCfg = Release|Any CPU
		{8D202E23-C0F9-4689-95CA-B4D50A1F4C3B}.Release|Any CPU.Build.0 = Release|Any CPU
	EndGlobalSection
	GlobalSection(SolutionProperties) = preSolution
		HideSolutionNode = FALSE
	EndGlobalSection
	GlobalSection(ExtensibilityGlobals) = postSolution
		SolutionGuid = {DCE24978-4242-4286-8562-3836F60F68F2}
	EndGlobalSection
EndGlobal
